// !$*UTF8*$!
{
	archiveVersion = 1;
	classes = {
	};
	objectVersion = 50;
	objects = {

/* Begin PBXBuildFile section */
		514828D7275C3D1600371831 /* ProductCell.swift in Sources */ = {isa = PBXBuildFile; fileRef = 514828D6275C3D1600371831 /* ProductCell.swift */; };
		514828D9275C3D7600371831 /* UserCollectionCell.swift in Sources */ = {isa = PBXBuildFile; fileRef = 514828D8275C3D7600371831 /* UserCollectionCell.swift */; };
		514828DB275E7C5600371831 /* UIImageView+ext.swift in Sources */ = {isa = PBXBuildFile; fileRef = 514828DA275E7C5600371831 /* UIImageView+ext.swift */; };
		514828DD275EC8E600371831 /* LoaderIndicator.swift in Sources */ = {isa = PBXBuildFile; fileRef = 514828DC275EC8E600371831 /* LoaderIndicator.swift */; };
		51BB1B1D275AA05D0076D6E8 /* Helpers.swift in Sources */ = {isa = PBXBuildFile; fileRef = 51BB1B0E275AA05D0076D6E8 /* Helpers.swift */; };
		51BB1B1E275AA05D0076D6E8 /* String+ext.swift in Sources */ = {isa = PBXBuildFile; fileRef = 51BB1B10275AA05D0076D6E8 /* String+ext.swift */; };
		51BB1B1F275AA05D0076D6E8 /* UIColor+ext.swift in Sources */ = {isa = PBXBuildFile; fileRef = 51BB1B11275AA05D0076D6E8 /* UIColor+ext.swift */; };
		51BB1B20275AA05D0076D6E8 /* UIViewController+ext.swift in Sources */ = {isa = PBXBuildFile; fileRef = 51BB1B12275AA05D0076D6E8 /* UIViewController+ext.swift */; };
		51BB1B21275AA05D0076D6E8 /* UIView+ext.swift in Sources */ = {isa = PBXBuildFile; fileRef = 51BB1B13275AA05D0076D6E8 /* UIView+ext.swift */; };
		51BB1B22275AA05D0076D6E8 /* Constants.swift in Sources */ = {isa = PBXBuildFile; fileRef = 51BB1B15275AA05D0076D6E8 /* Constants.swift */; };
		51BB1B23275AA05D0076D6E8 /* Alert.swift in Sources */ = {isa = PBXBuildFile; fileRef = 51BB1B16275AA05D0076D6E8 /* Alert.swift */; };
		51BB1B24275AA05D0076D6E8 /* CustomTextField.swift in Sources */ = {isa = PBXBuildFile; fileRef = 51BB1B17275AA05D0076D6E8 /* CustomTextField.swift */; };
		51BB1B25275AA05D0076D6E8 /* CustomFont.swift in Sources */ = {isa = PBXBuildFile; fileRef = 51BB1B18275AA05D0076D6E8 /* CustomFont.swift */; };
		51BB1B26275AA05D0076D6E8 /* BaseButton.swift in Sources */ = {isa = PBXBuildFile; fileRef = 51BB1B19275AA05D0076D6E8 /* BaseButton.swift */; };
		51BB1B2A275AA3540076D6E8 /* FavoritesViewController.swift in Sources */ = {isa = PBXBuildFile; fileRef = 51BB1B29275AA3540076D6E8 /* FavoritesViewController.swift */; };
		51BB1B2C275AA3770076D6E8 /* HomeTabBarController.swift in Sources */ = {isa = PBXBuildFile; fileRef = 51BB1B2B275AA3770076D6E8 /* HomeTabBarController.swift */; };
		51BB1B2E275AE2340076D6E8 /* HeaderCollectionViewCell.swift in Sources */ = {isa = PBXBuildFile; fileRef = 51BB1B2D275AE2340076D6E8 /* HeaderCollectionViewCell.swift */; };
		51BB1B30275AE2470076D6E8 /* FooterCollectionViewCell.swift in Sources */ = {isa = PBXBuildFile; fileRef = 51BB1B2F275AE2470076D6E8 /* FooterCollectionViewCell.swift */; };
		51BB1B32275AE53B0076D6E8 /* BaseCollectionViewCell.swift in Sources */ = {isa = PBXBuildFile; fileRef = 51BB1B31275AE53B0076D6E8 /* BaseCollectionViewCell.swift */; };
		C621CCCA275C0E7500F14A4B /* RequestErrors.swift in Sources */ = {isa = PBXBuildFile; fileRef = C621CCC4275C0E7400F14A4B /* RequestErrors.swift */; };
		C621CCCB275C0E7500F14A4B /* HTTPMethod.swift in Sources */ = {isa = PBXBuildFile; fileRef = C621CCC5275C0E7400F14A4B /* HTTPMethod.swift */; };
		C621CCCC275C0E7500F14A4B /* HTTPRequestHandler.swift in Sources */ = {isa = PBXBuildFile; fileRef = C621CCC6275C0E7400F14A4B /* HTTPRequestHandler.swift */; };
		C621CCCD275C0E7500F14A4B /* RequestManager.swift in Sources */ = {isa = PBXBuildFile; fileRef = C621CCC7275C0E7400F14A4B /* RequestManager.swift */; };
		C621CCCE275C0E7500F14A4B /* ErrorHandler.swift in Sources */ = {isa = PBXBuildFile; fileRef = C621CCC8275C0E7500F14A4B /* ErrorHandler.swift */; };
		C621CCCF275C0E7500F14A4B /* Endpoint.swift in Sources */ = {isa = PBXBuildFile; fileRef = C621CCC9275C0E7500F14A4B /* Endpoint.swift */; };
		C621CCD3275C0F4F00F14A4B /* FavoritesResponseElement.swift in Sources */ = {isa = PBXBuildFile; fileRef = C621CCD2275C0F4F00F14A4B /* FavoritesResponseElement.swift */; };
		C63DC6E7275A93F400C21795 /* AppDelegate.swift in Sources */ = {isa = PBXBuildFile; fileRef = C63DC6E6275A93F400C21795 /* AppDelegate.swift */; };
		C63DC6E9275A93F400C21795 /* SceneDelegate.swift in Sources */ = {isa = PBXBuildFile; fileRef = C63DC6E8275A93F400C21795 /* SceneDelegate.swift */; };
		C63DC6EB275A93F400C21795 /* ViewController.swift in Sources */ = {isa = PBXBuildFile; fileRef = C63DC6EA275A93F400C21795 /* ViewController.swift */; };
		C63DC6F0275A940200C21795 /* Assets.xcassets in Resources */ = {isa = PBXBuildFile; fileRef = C63DC6EF275A940200C21795 /* Assets.xcassets */; };
		C63DC6F3275A940200C21795 /* LaunchScreen.storyboard in Resources */ = {isa = PBXBuildFile; fileRef = C63DC6F1275A940200C21795 /* LaunchScreen.storyboard */; };
/* End PBXBuildFile section */

/* Begin PBXFileReference section */
		514828D6275C3D1600371831 /* ProductCell.swift */ = {isa = PBXFileReference; lastKnownFileType = sourcecode.swift; path = ProductCell.swift; sourceTree = "<group>"; };
		514828D8275C3D7600371831 /* UserCollectionCell.swift */ = {isa = PBXFileReference; lastKnownFileType = sourcecode.swift; path = UserCollectionCell.swift; sourceTree = "<group>"; };
		514828DA275E7C5600371831 /* UIImageView+ext.swift */ = {isa = PBXFileReference; lastKnownFileType = sourcecode.swift; path = "UIImageView+ext.swift"; sourceTree = "<group>"; };
		514828DC275EC8E600371831 /* LoaderIndicator.swift */ = {isa = PBXFileReference; lastKnownFileType = sourcecode.swift; path = LoaderIndicator.swift; sourceTree = "<group>"; };
		51BB1B0E275AA05D0076D6E8 /* Helpers.swift */ = {isa = PBXFileReference; fileEncoding = 4; lastKnownFileType = sourcecode.swift; path = Helpers.swift; sourceTree = "<group>"; };
		51BB1B10275AA05D0076D6E8 /* String+ext.swift */ = {isa = PBXFileReference; fileEncoding = 4; lastKnownFileType = sourcecode.swift; path = "String+ext.swift"; sourceTree = "<group>"; };
		51BB1B11275AA05D0076D6E8 /* UIColor+ext.swift */ = {isa = PBXFileReference; fileEncoding = 4; lastKnownFileType = sourcecode.swift; path = "UIColor+ext.swift"; sourceTree = "<group>"; };
		51BB1B12275AA05D0076D6E8 /* UIViewController+ext.swift */ = {isa = PBXFileReference; fileEncoding = 4; lastKnownFileType = sourcecode.swift; path = "UIViewController+ext.swift"; sourceTree = "<group>"; };
		51BB1B13275AA05D0076D6E8 /* UIView+ext.swift */ = {isa = PBXFileReference; fileEncoding = 4; lastKnownFileType = sourcecode.swift; path = "UIView+ext.swift"; sourceTree = "<group>"; };
		51BB1B15275AA05D0076D6E8 /* Constants.swift */ = {isa = PBXFileReference; fileEncoding = 4; lastKnownFileType = sourcecode.swift; path = Constants.swift; sourceTree = "<group>"; };
		51BB1B16275AA05D0076D6E8 /* Alert.swift */ = {isa = PBXFileReference; fileEncoding = 4; lastKnownFileType = sourcecode.swift; path = Alert.swift; sourceTree = "<group>"; };
		51BB1B17275AA05D0076D6E8 /* CustomTextField.swift */ = {isa = PBXFileReference; fileEncoding = 4; lastKnownFileType = sourcecode.swift; path = CustomTextField.swift; sourceTree = "<group>"; };
		51BB1B18275AA05D0076D6E8 /* CustomFont.swift */ = {isa = PBXFileReference; fileEncoding = 4; lastKnownFileType = sourcecode.swift; path = CustomFont.swift; sourceTree = "<group>"; };
		51BB1B19275AA05D0076D6E8 /* BaseButton.swift */ = {isa = PBXFileReference; fileEncoding = 4; lastKnownFileType = sourcecode.swift; path = BaseButton.swift; sourceTree = "<group>"; };
		51BB1B29275AA3540076D6E8 /* FavoritesViewController.swift */ = {isa = PBXFileReference; lastKnownFileType = sourcecode.swift; path = FavoritesViewController.swift; sourceTree = "<group>"; };
		51BB1B2B275AA3770076D6E8 /* HomeTabBarController.swift */ = {isa = PBXFileReference; lastKnownFileType = sourcecode.swift; path = HomeTabBarController.swift; sourceTree = "<group>"; };
		51BB1B2D275AE2340076D6E8 /* HeaderCollectionViewCell.swift */ = {isa = PBXFileReference; lastKnownFileType = sourcecode.swift; path = HeaderCollectionViewCell.swift; sourceTree = "<group>"; };
		51BB1B2F275AE2470076D6E8 /* FooterCollectionViewCell.swift */ = {isa = PBXFileReference; lastKnownFileType = sourcecode.swift; path = FooterCollectionViewCell.swift; sourceTree = "<group>"; };
		51BB1B31275AE53B0076D6E8 /* BaseCollectionViewCell.swift */ = {isa = PBXFileReference; lastKnownFileType = sourcecode.swift; path = BaseCollectionViewCell.swift; sourceTree = "<group>"; };
		C621CCC4275C0E7400F14A4B /* RequestErrors.swift */ = {isa = PBXFileReference; fileEncoding = 4; lastKnownFileType = sourcecode.swift; path = RequestErrors.swift; sourceTree = "<group>"; };
		C621CCC5275C0E7400F14A4B /* HTTPMethod.swift */ = {isa = PBXFileReference; fileEncoding = 4; lastKnownFileType = sourcecode.swift; path = HTTPMethod.swift; sourceTree = "<group>"; };
		C621CCC6275C0E7400F14A4B /* HTTPRequestHandler.swift */ = {isa = PBXFileReference; fileEncoding = 4; lastKnownFileType = sourcecode.swift; path = HTTPRequestHandler.swift; sourceTree = "<group>"; };
		C621CCC7275C0E7400F14A4B /* RequestManager.swift */ = {isa = PBXFileReference; fileEncoding = 4; lastKnownFileType = sourcecode.swift; path = RequestManager.swift; sourceTree = "<group>"; };
		C621CCC8275C0E7500F14A4B /* ErrorHandler.swift */ = {isa = PBXFileReference; fileEncoding = 4; lastKnownFileType = sourcecode.swift; path = ErrorHandler.swift; sourceTree = "<group>"; };
		C621CCC9275C0E7500F14A4B /* Endpoint.swift */ = {isa = PBXFileReference; fileEncoding = 4; lastKnownFileType = sourcecode.swift; path = Endpoint.swift; sourceTree = "<group>"; };
		C621CCD2275C0F4F00F14A4B /* FavoritesResponseElement.swift */ = {isa = PBXFileReference; lastKnownFileType = sourcecode.swift; path = FavoritesResponseElement.swift; sourceTree = "<group>"; };
		C63DC6E3275A93F400C21795 /* Falabella Technical Test.app */ = {isa = PBXFileReference; explicitFileType = wrapper.application; includeInIndex = 0; path = "Falabella Technical Test.app"; sourceTree = BUILT_PRODUCTS_DIR; };
		C63DC6E6275A93F400C21795 /* AppDelegate.swift */ = {isa = PBXFileReference; lastKnownFileType = sourcecode.swift; path = AppDelegate.swift; sourceTree = "<group>"; };
		C63DC6E8275A93F400C21795 /* SceneDelegate.swift */ = {isa = PBXFileReference; lastKnownFileType = sourcecode.swift; path = SceneDelegate.swift; sourceTree = "<group>"; };
		C63DC6EA275A93F400C21795 /* ViewController.swift */ = {isa = PBXFileReference; lastKnownFileType = sourcecode.swift; path = ViewController.swift; sourceTree = "<group>"; };
		C63DC6EF275A940200C21795 /* Assets.xcassets */ = {isa = PBXFileReference; lastKnownFileType = folder.assetcatalog; path = Assets.xcassets; sourceTree = "<group>"; };
		C63DC6F2275A940200C21795 /* Base */ = {isa = PBXFileReference; lastKnownFileType = file.storyboard; name = Base; path = Base.lproj/LaunchScreen.storyboard; sourceTree = "<group>"; };
		C63DC6F4275A940200C21795 /* Info.plist */ = {isa = PBXFileReference; lastKnownFileType = text.plist.xml; path = Info.plist; sourceTree = "<group>"; };
/* End PBXFileReference section */

/* Begin PBXFrameworksBuildPhase section */
		C63DC6E0275A93F400C21795 /* Frameworks */ = {
			isa = PBXFrameworksBuildPhase;
			buildActionMask = 2147483647;
			files = (
			);
			runOnlyForDeploymentPostprocessing = 0;
		};
/* End PBXFrameworksBuildPhase section */

/* Begin PBXGroup section */
		51BB1B0D275AA0170076D6E8 /* Resources */ = {
			isa = PBXGroup;
			children = (
				C621CCC3275C0E6800F14A4B /* Networking */,
				51BB1B1A275AA05D0076D6E8 /* BaseViews */,
				51BB1B0F275AA05D0076D6E8 /* Extensions */,
				51BB1B14275AA05D0076D6E8 /* Utils */,
			);
			path = Resources;
			sourceTree = "<group>";
		};
		51BB1B0F275AA05D0076D6E8 /* Extensions */ = {
			isa = PBXGroup;
			children = (
				51BB1B10275AA05D0076D6E8 /* String+ext.swift */,
				51BB1B11275AA05D0076D6E8 /* UIColor+ext.swift */,
				51BB1B12275AA05D0076D6E8 /* UIViewController+ext.swift */,
				51BB1B13275AA05D0076D6E8 /* UIView+ext.swift */,
				514828DA275E7C5600371831 /* UIImageView+ext.swift */,
			);
			path = Extensions;
			sourceTree = "<group>";
		};
		51BB1B14275AA05D0076D6E8 /* Utils */ = {
			isa = PBXGroup;
			children = (
				51BB1B0E275AA05D0076D6E8 /* Helpers.swift */,
				51BB1B15275AA05D0076D6E8 /* Constants.swift */,
				51BB1B16275AA05D0076D6E8 /* Alert.swift */,
				51BB1B17275AA05D0076D6E8 /* CustomTextField.swift */,
				51BB1B18275AA05D0076D6E8 /* CustomFont.swift */,
				51BB1B19275AA05D0076D6E8 /* BaseButton.swift */,
				514828DC275EC8E600371831 /* LoaderIndicator.swift */,
			);
			path = Utils;
			sourceTree = "<group>";
		};
		51BB1B1A275AA05D0076D6E8 /* BaseViews */ = {
			isa = PBXGroup;
			children = (
				51BB1B2D275AE2340076D6E8 /* HeaderCollectionViewCell.swift */,
				51BB1B2F275AE2470076D6E8 /* FooterCollectionViewCell.swift */,
				51BB1B31275AE53B0076D6E8 /* BaseCollectionViewCell.swift */,
			);
			path = BaseViews;
			sourceTree = "<group>";
		};
		C621CCC3275C0E6800F14A4B /* Networking */ = {
			isa = PBXGroup;
			children = (
				C621CCD1275C0F2C00F14A4B /* Models */,
				C621CCC9275C0E7500F14A4B /* Endpoint.swift */,
				C621CCC8275C0E7500F14A4B /* ErrorHandler.swift */,
				C621CCC5275C0E7400F14A4B /* HTTPMethod.swift */,
				C621CCC6275C0E7400F14A4B /* HTTPRequestHandler.swift */,
				C621CCC4275C0E7400F14A4B /* RequestErrors.swift */,
				C621CCC7275C0E7400F14A4B /* RequestManager.swift */,
			);
			path = Networking;
			sourceTree = "<group>";
		};
		C621CCD1275C0F2C00F14A4B /* Models */ = {
			isa = PBXGroup;
			children = (
				C621CCD2275C0F4F00F14A4B /* FavoritesResponseElement.swift */,
			);
			path = Models;
			sourceTree = "<group>";
		};
		C63DC6DA275A93F400C21795 = {
			isa = PBXGroup;
			children = (
				C63DC6E5275A93F400C21795 /* Falabella Technical Test */,
				C63DC6E4275A93F400C21795 /* Products */,
			);
			sourceTree = "<group>";
		};
		C63DC6E4275A93F400C21795 /* Products */ = {
			isa = PBXGroup;
			children = (
				C63DC6E3275A93F400C21795 /* Falabella Technical Test.app */,
			);
			name = Products;
			sourceTree = "<group>";
		};
		C63DC6E5275A93F400C21795 /* Falabella Technical Test */ = {
			isa = PBXGroup;
			children = (
				51BB1B0D275AA0170076D6E8 /* Resources */,
				C6633096275A9C94004858D4 /* App */,
				C6633095275A9C85004858D4 /* Delegates */,
				C6633093275A9C69004858D4 /* Supporting Files */,
			);
			path = "Falabella Technical Test";
			sourceTree = "<group>";
		};
		C6633093275A9C69004858D4 /* Supporting Files */ = {
			isa = PBXGroup;
			children = (
				C63DC6F4275A940200C21795 /* Info.plist */,
				C63DC6F1275A940200C21795 /* LaunchScreen.storyboard */,
				C63DC6EF275A940200C21795 /* Assets.xcassets */,
			);
			path = "Supporting Files";
			sourceTree = "<group>";
		};
		C6633095275A9C85004858D4 /* Delegates */ = {
			isa = PBXGroup;
			children = (
				C63DC6E8275A93F400C21795 /* SceneDelegate.swift */,
				C63DC6E6275A93F400C21795 /* AppDelegate.swift */,
			);
			path = Delegates;
			sourceTree = "<group>";
		};
		C6633096275A9C94004858D4 /* App */ = {
			isa = PBXGroup;
			children = (
				C63DC6EA275A93F400C21795 /* ViewController.swift */,
				51BB1B29275AA3540076D6E8 /* FavoritesViewController.swift */,
				51BB1B2B275AA3770076D6E8 /* HomeTabBarController.swift */,
				514828D6275C3D1600371831 /* ProductCell.swift */,
				514828D8275C3D7600371831 /* UserCollectionCell.swift */,
			);
			path = App;
			sourceTree = "<group>";
		};
/* End PBXGroup section */

/* Begin PBXNativeTarget section */
		C63DC6E2275A93F400C21795 /* Falabella Technical Test */ = {
			isa = PBXNativeTarget;
			buildConfigurationList = C63DC6F7275A940200C21795 /* Build configuration list for PBXNativeTarget "Falabella Technical Test" */;
			buildPhases = (
				C63DC6DF275A93F400C21795 /* Sources */,
				C63DC6E0275A93F400C21795 /* Frameworks */,
				C63DC6E1275A93F400C21795 /* Resources */,
			);
			buildRules = (
			);
			dependencies = (
			);
			name = "Falabella Technical Test";
			productName = "Falabella Technical Test";
			productReference = C63DC6E3275A93F400C21795 /* Falabella Technical Test.app */;
			productType = "com.apple.product-type.application";
		};
/* End PBXNativeTarget section */

/* Begin PBXProject section */
		C63DC6DB275A93F400C21795 /* Project object */ = {
			isa = PBXProject;
			attributes = {
				LastSwiftUpdateCheck = 1240;
				LastUpgradeCheck = 1240;
				TargetAttributes = {
					C63DC6E2275A93F400C21795 = {
						CreatedOnToolsVersion = 12.4;
					};
				};
			};
			buildConfigurationList = C63DC6DE275A93F400C21795 /* Build configuration list for PBXProject "Falabella Technical Test" */;
			compatibilityVersion = "Xcode 9.3";
			developmentRegion = en;
			hasScannedForEncodings = 0;
			knownRegions = (
				en,
				Base,
			);
			mainGroup = C63DC6DA275A93F400C21795;
			productRefGroup = C63DC6E4275A93F400C21795 /* Products */;
			projectDirPath = "";
			projectRoot = "";
			targets = (
				C63DC6E2275A93F400C21795 /* Falabella Technical Test */,
			);
		};
/* End PBXProject section */

/* Begin PBXResourcesBuildPhase section */
		C63DC6E1275A93F400C21795 /* Resources */ = {
			isa = PBXResourcesBuildPhase;
			buildActionMask = 2147483647;
			files = (
				C63DC6F3275A940200C21795 /* LaunchScreen.storyboard in Resources */,
				C63DC6F0275A940200C21795 /* Assets.xcassets in Resources */,
			);
			runOnlyForDeploymentPostprocessing = 0;
		};
/* End PBXResourcesBuildPhase section */

/* Begin PBXSourcesBuildPhase section */
		C63DC6DF275A93F400C21795 /* Sources */ = {
			isa = PBXSourcesBuildPhase;
			buildActionMask = 2147483647;
			files = (
				51BB1B30275AE2470076D6E8 /* FooterCollectionViewCell.swift in Sources */,
				51BB1B26275AA05D0076D6E8 /* BaseButton.swift in Sources */,
				C621CCD3275C0F4F00F14A4B /* FavoritesResponseElement.swift in Sources */,
				51BB1B21275AA05D0076D6E8 /* UIView+ext.swift in Sources */,
				51BB1B24275AA05D0076D6E8 /* CustomTextField.swift in Sources */,
				51BB1B1E275AA05D0076D6E8 /* String+ext.swift in Sources */,
				51BB1B32275AE53B0076D6E8 /* BaseCollectionViewCell.swift in Sources */,
				C63DC6EB275A93F400C21795 /* ViewController.swift in Sources */,
				C621CCCD275C0E7500F14A4B /* RequestManager.swift in Sources */,
				51BB1B20275AA05D0076D6E8 /* UIViewController+ext.swift in Sources */,
				C621CCCB275C0E7500F14A4B /* HTTPMethod.swift in Sources */,
				C621CCCF275C0E7500F14A4B /* Endpoint.swift in Sources */,
				C621CCCE275C0E7500F14A4B /* ErrorHandler.swift in Sources */,
				C63DC6E7275A93F400C21795 /* AppDelegate.swift in Sources */,
				51BB1B2C275AA3770076D6E8 /* HomeTabBarController.swift in Sources */,
				514828D9275C3D7600371831 /* UserCollectionCell.swift in Sources */,
				51BB1B2E275AE2340076D6E8 /* HeaderCollectionViewCell.swift in Sources */,
				C63DC6E9275A93F400C21795 /* SceneDelegate.swift in Sources */,
				514828D7275C3D1600371831 /* ProductCell.swift in Sources */,
				51BB1B1D275AA05D0076D6E8 /* Helpers.swift in Sources */,
				514828DB275E7C5600371831 /* UIImageView+ext.swift in Sources */,
				51BB1B2A275AA3540076D6E8 /* FavoritesViewController.swift in Sources */,
				C621CCCA275C0E7500F14A4B /* RequestErrors.swift in Sources */,
				51BB1B1F275AA05D0076D6E8 /* UIColor+ext.swift in Sources */,
				C621CCCC275C0E7500F14A4B /* HTTPRequestHandler.swift in Sources */,
				514828DD275EC8E600371831 /* LoaderIndicator.swift in Sources */,
				51BB1B25275AA05D0076D6E8 /* CustomFont.swift in Sources */,
				51BB1B23275AA05D0076D6E8 /* Alert.swift in Sources */,
				51BB1B22275AA05D0076D6E8 /* Constants.swift in Sources */,
			);
			runOnlyForDeploymentPostprocessing = 0;
		};
/* End PBXSourcesBuildPhase section */

/* Begin PBXVariantGroup section */
		C63DC6F1275A940200C21795 /* LaunchScreen.storyboard */ = {
			isa = PBXVariantGroup;
			children = (
				C63DC6F2275A940200C21795 /* Base */,
			);
			name = LaunchScreen.storyboard;
			sourceTree = "<group>";
		};
/* End PBXVariantGroup section */

/* Begin XCBuildConfiguration section */
		C63DC6F5275A940200C21795 /* Debug */ = {
			isa = XCBuildConfiguration;
			buildSettings = {
				ALWAYS_SEARCH_USER_PATHS = NO;
				CLANG_ANALYZER_NONNULL = YES;
				CLANG_ANALYZER_NUMBER_OBJECT_CONVERSION = YES_AGGRESSIVE;
				CLANG_CXX_LANGUAGE_STANDARD = "gnu++14";
				CLANG_CXX_LIBRARY = "libc++";
				CLANG_ENABLE_MODULES = YES;
				CLANG_ENABLE_OBJC_ARC = YES;
				CLANG_ENABLE_OBJC_WEAK = YES;
				CLANG_WARN_BLOCK_CAPTURE_AUTORELEASING = YES;
				CLANG_WARN_BOOL_CONVERSION = YES;
				CLANG_WARN_COMMA = YES;
				CLANG_WARN_CONSTANT_CONVERSION = YES;
				CLANG_WARN_DEPRECATED_OBJC_IMPLEMENTATIONS = YES;
				CLANG_WARN_DIRECT_OBJC_ISA_USAGE = YES_ERROR;
				CLANG_WARN_DOCUMENTATION_COMMENTS = YES;
				CLANG_WARN_EMPTY_BODY = YES;
				CLANG_WARN_ENUM_CONVERSION = YES;
				CLANG_WARN_INFINITE_RECURSION = YES;
				CLANG_WARN_INT_CONVERSION = YES;
				CLANG_WARN_NON_LITERAL_NULL_CONVERSION = YES;
				CLANG_WARN_OBJC_IMPLICIT_RETAIN_SELF = YES;
				CLANG_WARN_OBJC_LITERAL_CONVERSION = YES;
				CLANG_WARN_OBJC_ROOT_CLASS = YES_ERROR;
				CLANG_WARN_QUOTED_INCLUDE_IN_FRAMEWORK_HEADER = YES;
				CLANG_WARN_RANGE_LOOP_ANALYSIS = YES;
				CLANG_WARN_STRICT_PROTOTYPES = YES;
				CLANG_WARN_SUSPICIOUS_MOVE = YES;
				CLANG_WARN_UNGUARDED_AVAILABILITY = YES_AGGRESSIVE;
				CLANG_WARN_UNREACHABLE_CODE = YES;
				CLANG_WARN__DUPLICATE_METHOD_MATCH = YES;
				COPY_PHASE_STRIP = NO;
				DEBUG_INFORMATION_FORMAT = dwarf;
				ENABLE_STRICT_OBJC_MSGSEND = YES;
				ENABLE_TESTABILITY = YES;
				GCC_C_LANGUAGE_STANDARD = gnu11;
				GCC_DYNAMIC_NO_PIC = NO;
				GCC_NO_COMMON_BLOCKS = YES;
				GCC_OPTIMIZATION_LEVEL = 0;
				GCC_PREPROCESSOR_DEFINITIONS = (
					"DEBUG=1",
					"$(inherited)",
				);
				GCC_WARN_64_TO_32_BIT_CONVERSION = YES;
				GCC_WARN_ABOUT_RETURN_TYPE = YES_ERROR;
				GCC_WARN_UNDECLARED_SELECTOR = YES;
				GCC_WARN_UNINITIALIZED_AUTOS = YES_AGGRESSIVE;
				GCC_WARN_UNUSED_FUNCTION = YES;
				GCC_WARN_UNUSED_VARIABLE = YES;
				IPHONEOS_DEPLOYMENT_TARGET = 14.4;
				MTL_ENABLE_DEBUG_INFO = INCLUDE_SOURCE;
				MTL_FAST_MATH = YES;
				ONLY_ACTIVE_ARCH = YES;
				SDKROOT = iphoneos;
				SWIFT_ACTIVE_COMPILATION_CONDITIONS = DEBUG;
				SWIFT_OPTIMIZATION_LEVEL = "-Onone";
			};
			name = Debug;
		};
		C63DC6F6275A940200C21795 /* Release */ = {
			isa = XCBuildConfiguration;
			buildSettings = {
				ALWAYS_SEARCH_USER_PATHS = NO;
				CLANG_ANALYZER_NONNULL = YES;
				CLANG_ANALYZER_NUMBER_OBJECT_CONVERSION = YES_AGGRESSIVE;
				CLANG_CXX_LANGUAGE_STANDARD = "gnu++14";
				CLANG_CXX_LIBRARY = "libc++";
				CLANG_ENABLE_MODULES = YES;
				CLANG_ENABLE_OBJC_ARC = YES;
				CLANG_ENABLE_OBJC_WEAK = YES;
				CLANG_WARN_BLOCK_CAPTURE_AUTORELEASING = YES;
				CLANG_WARN_BOOL_CONVERSION = YES;
				CLANG_WARN_COMMA = YES;
				CLANG_WARN_CONSTANT_CONVERSION = YES;
				CLANG_WARN_DEPRECATED_OBJC_IMPLEMENTATIONS = YES;
				CLANG_WARN_DIRECT_OBJC_ISA_USAGE = YES_ERROR;
				CLANG_WARN_DOCUMENTATION_COMMENTS = YES;
				CLANG_WARN_EMPTY_BODY = YES;
				CLANG_WARN_ENUM_CONVERSION = YES;
				CLANG_WARN_INFINITE_RECURSION = YES;
				CLANG_WARN_INT_CONVERSION = YES;
				CLANG_WARN_NON_LITERAL_NULL_CONVERSION = YES;
				CLANG_WARN_OBJC_IMPLICIT_RETAIN_SELF = YES;
				CLANG_WARN_OBJC_LITERAL_CONVERSION = YES;
				CLANG_WARN_OBJC_ROOT_CLASS = YES_ERROR;
				CLANG_WARN_QUOTED_INCLUDE_IN_FRAMEWORK_HEADER = YES;
				CLANG_WARN_RANGE_LOOP_ANALYSIS = YES;
				CLANG_WARN_STRICT_PROTOTYPES = YES;
				CLANG_WARN_SUSPICIOUS_MOVE = YES;
				CLANG_WARN_UNGUARDED_AVAILABILITY = YES_AGGRESSIVE;
				CLANG_WARN_UNREACHABLE_CODE = YES;
				CLANG_WARN__DUPLICATE_METHOD_MATCH = YES;
				COPY_PHASE_STRIP = NO;
				DEBUG_INFORMATION_FORMAT = "dwarf-with-dsym";
				ENABLE_NS_ASSERTIONS = NO;
				ENABLE_STRICT_OBJC_MSGSEND = YES;
				GCC_C_LANGUAGE_STANDARD = gnu11;
				GCC_NO_COMMON_BLOCKS = YES;
				GCC_WARN_64_TO_32_BIT_CONVERSION = YES;
				GCC_WARN_ABOUT_RETURN_TYPE = YES_ERROR;
				GCC_WARN_UNDECLARED_SELECTOR = YES;
				GCC_WARN_UNINITIALIZED_AUTOS = YES_AGGRESSIVE;
				GCC_WARN_UNUSED_FUNCTION = YES;
				GCC_WARN_UNUSED_VARIABLE = YES;
				IPHONEOS_DEPLOYMENT_TARGET = 14.4;
				MTL_ENABLE_DEBUG_INFO = NO;
				MTL_FAST_MATH = YES;
				SDKROOT = iphoneos;
				SWIFT_COMPILATION_MODE = wholemodule;
				SWIFT_OPTIMIZATION_LEVEL = "-O";
				VALIDATE_PRODUCT = YES;
			};
			name = Release;
		};
		C63DC6F8275A940200C21795 /* Debug */ = {
			isa = XCBuildConfiguration;
			buildSettings = {
				ASSETCATALOG_COMPILER_APPICON_NAME = AppIcon;
				ASSETCATALOG_COMPILER_GLOBAL_ACCENT_COLOR_NAME = AccentColor;
				CODE_SIGN_IDENTITY = "Apple Development";
				CODE_SIGN_STYLE = Manual;
				DEVELOPMENT_TEAM = "";
				INFOPLIST_FILE = "$(SRCROOT)/Falabella Technical Test/Supporting Files/Info.plist";
				IPHONEOS_DEPLOYMENT_TARGET = 11.0;
				LD_RUNPATH_SEARCH_PATHS = (
					"$(inherited)",
					"@executable_path/Frameworks",
				);
				PRODUCT_BUNDLE_IDENTIFIER = "com.lsegoviano.dev.Falabella-Technical-Test";
				PRODUCT_NAME = "$(TARGET_NAME)";
				PROVISIONING_PROFILE_SPECIFIER = "";
				SWIFT_VERSION = 5.0;
				TARGETED_DEVICE_FAMILY = 1;
			};
			name = Debug;
		};
		C63DC6F9275A940200C21795 /* Release */ = {
			isa = XCBuildConfiguration;
			buildSettings = {
				ASSETCATALOG_COMPILER_APPICON_NAME = AppIcon;
				ASSETCATALOG_COMPILER_GLOBAL_ACCENT_COLOR_NAME = AccentColor;
				CODE_SIGN_IDENTITY = "Apple Development";
				CODE_SIGN_STYLE = Manual;
				DEVELOPMENT_TEAM = "";
				INFOPLIST_FILE = "$(SRCROOT)/Falabella Technical Test/Supporting Files/Info.plist";
				IPHONEOS_DEPLOYMENT_TARGET = 11.0;
				LD_RUNPATH_SEARCH_PATHS = (
					"$(inherited)",
					"@executable_path/Frameworks",
				);
				PRODUCT_BUNDLE_IDENTIFIER = "com.lsegoviano.dev.Falabella-Technical-Test";
				PRODUCT_NAME = "$(TARGET_NAME)";
				PROVISIONING_PROFILE_SPECIFIER = "";
				SWIFT_VERSION = 5.0;
				TARGETED_DEVICE_FAMILY = 1;
			};
			name = Release;
		};
/* End XCBuildConfiguration section */

/* Begin XCConfigurationList section */
		C63DC6DE275A93F400C21795 /* Build configuration list for PBXProject "Falabella Technical Test" */ = {
			isa = XCConfigurationList;
			buildConfigurations = (
				C63DC6F5275A940200C21795 /* Debug */,
				C63DC6F6275A940200C21795 /* Release */,
			);
			defaultConfigurationIsVisible = 0;
			defaultConfigurationName = Release;
		};
		C63DC6F7275A940200C21795 /* Build configuration list for PBXNativeTarget "Falabella Technical Test" */ = {
			isa = XCConfigurationList;
			buildConfigurations = (
				C63DC6F8275A940200C21795 /* Debug */,
				C63DC6F9275A940200C21795 /* Release */,
			);
			defaultConfigurationIsVisible = 0;
			defaultConfigurationName = Release;
		};
/* End XCConfigurationList section */
	};
	rootObject = C63DC6DB275A93F400C21795 /* Project object */;
}
